
Microsoft Visual Studio Solution File, Format Version 12.00
# Visual Studio Version 17
VisualStudioVersion = 17.8.34316.72
MinimumVisualStudioVersion = 10.0.40219.1
Project("{9A19103F-16F7-4668-BE54-9A1E7A4F7556}") = "Universe.FolderSnapshot", "Universe.FolderSnapshot\Universe.FolderSnapshot.csproj", "{0D5530EC-73ED-4817-9B20-884DB2FE2D4D}"
EndProject
Project("{9A19103F-16F7-4668-BE54-9A1E7A4F7556}") = "Universe.FolderSnapshot.Tests", "Universe.FolderSnapshot.Tests\Universe.FolderSnapshot.Tests.csproj", "{A03CF36C-D382-49CB-91CD-DC2AAE6A8E18}"
EndProject
Project("{FAE04EC0-301F-11D3-BF4B-00C04F79EFBC}") = "Universe.FolderSnapshot.Benchmark", "Universe.FolderSnapshot.Benchmark\Universe.FolderSnapshot.Benchmark.csproj", "{AEFFA07E-7E0D-470A-B003-2D369370C82B}"
EndProject
Global
	GlobalSection(SolutionConfigurationPlatforms) = preSolution
		Debug|Any CPU = Debug|Any CPU
		Release|Any CPU = Release|Any CPU
	EndGlobalSection
	GlobalSection(ProjectConfigurationPlatforms) = postSolution
		{0D5530EC-73ED-4817-9B20-884DB2FE2D4D}.Debug|Any CPU.ActiveCfg = Debug|Any CPU
		{0D5530EC-73ED-4817-9B20-884DB2FE2D4D}.Debug|Any CPU.Build.0 = Debug|Any CPU
		{0D5530EC-73ED-4817-9B20-884DB2FE2D4D}.Release|Any CPU.ActiveCfg = Release|Any CPU
		{0D5530EC-73ED-4817-9B20-884DB2FE2D4D}.Release|Any CPU.Build.0 = Release|Any CPU
		{A03CF36C-D382-49CB-91CD-DC2AAE6A8E18}.Debug|Any CPU.ActiveCfg = Debug|Any CPU
		{A03CF36C-D382-49CB-91CD-DC2AAE6A8E18}.Debug|Any CPU.Build.0 = Debug|Any CPU
		{A03CF36C-D382-49CB-91CD-DC2AAE6A8E18}.Release|Any CPU.ActiveCfg = Release|Any CPU
		{A03CF36C-D382-49CB-91CD-DC2AAE6A8E18}.Release|Any CPU.Build.0 = Release|Any CPU
		{AEFFA07E-7E0D-470A-B003-2D369370C82B}.Debug|Any CPU.ActiveCfg = Debug|Any CPU
		{AEFFA07E-7E0D-470A-B003-2D369370C82B}.Debug|Any CPU.Build.0 = Debug|Any CPU
		{AEFFA07E-7E0D-470A-B003-2D369370C82B}.Release|Any CPU.ActiveCfg = Release|Any CPU
		{AEFFA07E-7E0D-470A-B003-2D369370C82B}.Release|Any CPU.Build.0 = Release|Any CPU
	EndGlobalSection
	GlobalSection(SolutionProperties) = preSolution
		HideSolutionNode = FALSE
	EndGlobalSection
	GlobalSection(ExtensibilityGlobals) = postSolution
		SolutionGuid = {14CBE67E-9FE0-4BA7-92F9-CA9D8944D48B}
	EndGlobalSection
EndGlobal
